
Microsoft Visual Studio Solution File, Format Version 12.00
# Visual Studio Version 17
VisualStudioVersion = 17.8.34322.80
MinimumVisualStudioVersion = 10.0.40219.1
Project("{FAE04EC0-301F-11D3-BF4B-00C04F79EFBC}") = "OMMP.MonitoringService", "OMMP.MonitoringService\OMMP.MonitoringService.csproj", "{8003B203-836C-492C-88BD-DFE75AA0316C}"
EndProject
Project("{FAE04EC0-301F-11D3-BF4B-00C04F79EFBC}") = "OMMP.Models", "OMMP.Models\OMMP.Models.csproj", "{B33FDF92-037F-49CC-ACE4-DE476AC7DCAE}"
EndProject
Project("{FAE04EC0-301F-11D3-BF4B-00C04F79EFBC}") = "OMMP.Common", "OMMP.Common\OMMP.Common.csproj", "{B7923B9D-6640-4A64-851F-5CE5D1FD9822}"
EndProject
Project("{FAE04EC0-301F-11D3-BF4B-00C04F79EFBC}") = "OMMP.WebClient", "OMMP.WebClient\OMMP.WebClient.csproj", "{CD9C4AE9-08E2-47B1-9B90-9939E73E2F48}"
EndProject
Project("{9A19103F-16F7-4668-BE54-9A1E7A4F7556}") = "AutoUpdater", "AutoUpdater\AutoUpdater.csproj", "{DA2A6CD9-0609-4AA0-A878-79D32B44DC23}"
EndProject
Global
	GlobalSection(SolutionConfigurationPlatforms) = preSolution
		Debug|Any CPU = Debug|Any CPU
		Release|Any CPU = Release|Any CPU
	EndGlobalSection
	GlobalSection(ProjectConfigurationPlatforms) = postSolution
		{8003B203-836C-492C-88BD-DFE75AA0316C}.Debug|Any CPU.ActiveCfg = Debug|Any CPU
		{8003B203-836C-492C-88BD-DFE75AA0316C}.Debug|Any CPU.Build.0 = Debug|Any CPU
		{8003B203-836C-492C-88BD-DFE75AA0316C}.Release|Any CPU.ActiveCfg = Release|Any CPU
		{8003B203-836C-492C-88BD-DFE75AA0316C}.Release|Any CPU.Build.0 = Release|Any CPU
		{B33FDF92-037F-49CC-ACE4-DE476AC7DCAE}.Debug|Any CPU.ActiveCfg = Debug|Any CPU
		{B33FDF92-037F-49CC-ACE4-DE476AC7DCAE}.Debug|Any CPU.Build.0 = Debug|Any CPU
		{B33FDF92-037F-49CC-ACE4-DE476AC7DCAE}.Release|Any CPU.ActiveCfg = Release|Any CPU
		{B33FDF92-037F-49CC-ACE4-DE476AC7DCAE}.Release|Any CPU.Build.0 = Release|Any CPU
		{B7923B9D-6640-4A64-851F-5CE5D1FD9822}.Debug|Any CPU.ActiveCfg = Debug|Any CPU
		{B7923B9D-6640-4A64-851F-5CE5D1FD9822}.Debug|Any CPU.Build.0 = Debug|Any CPU
		{B7923B9D-6640-4A64-851F-5CE5D1FD9822}.Release|Any CPU.ActiveCfg = Release|Any CPU
		{B7923B9D-6640-4A64-851F-5CE5D1FD9822}.Release|Any CPU.Build.0 = Release|Any CPU
		{CD9C4AE9-08E2-47B1-9B90-9939E73E2F48}.Debug|Any CPU.ActiveCfg = Debug|Any CPU
		{CD9C4AE9-08E2-47B1-9B90-9939E73E2F48}.Debug|Any CPU.Build.0 = Debug|Any CPU
		{CD9C4AE9-08E2-47B1-9B90-9939E73E2F48}.Release|Any CPU.ActiveCfg = Release|Any CPU
		{CD9C4AE9-08E2-47B1-9B90-9939E73E2F48}.Release|Any CPU.Build.0 = Release|Any CPU
		{DA2A6CD9-0609-4AA0-A878-79D32B44DC23}.Debug|Any CPU.ActiveCfg = Debug|Any CPU
		{DA2A6CD9-0609-4AA0-A878-79D32B44DC23}.Debug|Any CPU.Build.0 = Debug|Any CPU
		{DA2A6CD9-0609-4AA0-A878-79D32B44DC23}.Release|Any CPU.ActiveCfg = Release|Any CPU
		{DA2A6CD9-0609-4AA0-A878-79D32B44DC23}.Release|Any CPU.Build.0 = Release|Any CPU
	EndGlobalSection
	GlobalSection(SolutionProperties) = preSolution
		HideSolutionNode = FALSE
	EndGlobalSection
EndGlobal
