
Microsoft Visual Studio Solution File, Format Version 12.00
# Visual Studio Version 17
VisualStudioVersion = 17.5.002.0
MinimumVisualStudioVersion = 10.0.40219.1
Project("{9A19103F-16F7-4668-BE54-9A1E7A4F7556}") = "OMMP.WebClient", "OMMP.WebClient.csproj", "{9333E410-E4B2-4409-A6E9-DF4C40C68511}"
EndProject
Global
	GlobalSection(SolutionConfigurationPlatforms) = preSolution
		Debug|Any CPU = Debug|Any CPU
		Release|Any CPU = Release|Any CPU
	EndGlobalSection
	GlobalSection(ProjectConfigurationPlatforms) = postSolution
		{9333E410-E4B2-4409-A6E9-DF4C40C68511}.Debug|Any CPU.ActiveCfg = Debug|Any CPU
		{9333E410-E4B2-4409-A6E9-DF4C40C68511}.Debug|Any CPU.Build.0 = Debug|Any CPU
		{9333E410-E4B2-4409-A6E9-DF4C40C68511}.Release|Any CPU.ActiveCfg = Release|Any CPU
		{9333E410-E4B2-4409-A6E9-DF4C40C68511}.Release|Any CPU.Build.0 = Release|Any CPU
	EndGlobalSection
	GlobalSection(SolutionProperties) = preSolution
		HideSolutionNode = FALSE
	EndGlobalSection
	GlobalSection(ExtensibilityGlobals) = postSolution
		SolutionGuid = {60972DA6-0CC1-45E8-A95F-67E41244206E}
	EndGlobalSection
EndGlobal
